# THIS IS AN AUTOGENERATED FILE. DO NOT EDIT THIS FILE DIRECTLY.
# yarn lockfile v1


desandro-matches-selector@^2.0.0:
  version "2.0.1"
  resolved "https://registry.yarnpkg.com/desandro-matches-selector/-/desandro-matches-selector-2.0.1.tgz#2bd348d5d7605dbe475fa246af8b1feed022d05e"

ev-emitter@^1.0.0, ev-emitter@~1.0.0:
  version "1.0.3"
  resolved "https://registry.yarnpkg.com/ev-emitter/-/ev-emitter-1.0.3.tgz#ee5ef74b6ed28d911b32ddcbfc97867f580937bc"

fizzy-ui-utils@^2.0.0:
  version "2.0.3"
  resolved "https://registry.yarnpkg.com/fizzy-ui-utils/-/fizzy-ui-utils-2.0.3.tgz#4e8ae47b30ba2de32ed7a6f4cbc9fb7faf583432"
  dependencies:
    desandro-matches-selector "^2.0.0"

get-size@^2.0.0, get-size@^2.0.2:
  version "2.0.2"
  resolved "https://registry.yarnpkg.com/get-size/-/get-size-2.0.2.tgz#555ea98ab8732e0c021e9e23e2219adcbe398e98"

imagesloaded@^4.1.1:
  version "4.1.1"
  resolved "https://registry.yarnpkg.com/imagesloaded/-/imagesloaded-4.1.1.tgz#53b5b66615360850a5a264b1293e7f4d06d3bd51"
  dependencies:
    ev-emitter "~1.0.0"

isotope-layout@^3.0.0, isotope-layout@^3.0.2:
  version "3.0.2"
  resolved "https://registry.yarnpkg.com/isotope-layout/-/isotope-layout-3.0.2.tgz#572da1d6e789883a173109e10443f12e12f52fca"
  dependencies:
    desandro-matches-selector "^2.0.0"
    fizzy-ui-utils "^2.0.0"
    get-size "^2.0.0"
    masonry-layout "^4.0.0"
    outlayer "^2.1.0"

isotope-masonry-horizontal@^2.0.0:
  version "2.0.0"
  resolved "https://registry.yarnpkg.com/isotope-masonry-horizontal/-/isotope-masonry-horizontal-2.0.0.tgz#35e841d82018532ef03ccf9f15c164230e694015"
  dependencies:
    get-size "^2.0.2"
    isotope-layout "^3.0.0"

masonry-layout@^4.0.0:
  version "4.1.1"
  resolved "https://registry.yarnpkg.com/masonry-layout/-/masonry-layout-4.1.1.tgz#e8c8c6f5a9e621a75203ac4b7000855a36f6753e"
  dependencies:
    get-size "^2.0.2"
    outlayer "^2.1.0"

outlayer@^2.1.0:
  version "2.1.0"
  resolved "https://registry.yarnpkg.com/outlayer/-/outlayer-2.1.0.tgz#83b7beefc19becd3278c8ade988d268788d6f93d"
  dependencies:
    ev-emitter "^1.0.0"
    fizzy-ui-utils "^2.0.0"
    get-size "^2.0.2"
